
Microsoft Visual Studio Solution File, Format Version 12.00
# Visual Studio 2012
Project("{FAE04EC0-301F-11D3-BF4B-00C04F79EFBC}") = "CBinding", "CBinding\CBinding.csproj", "{335583F6-C4BA-4671-A763-5DE78985CD97}"
EndProject
Global
	GlobalSection(SolutionConfigurationPlatforms) = preSolution
		Debug|Any CPU = Debug|Any CPU
		Release|Any CPU = Release|Any CPU
		net_4_5_Debug|Any CPU = net_4_5_Debug|Any CPU
		net_4_5_Release|Any CPU = net_4_5_Release|Any CPU
	EndGlobalSection
	GlobalSection(ProjectConfigurationPlatforms) = postSolution
		{335583F6-C4BA-4671-A763-5DE78985CD97}.Debug|Any CPU.ActiveCfg = Debug|Any CPU
		{335583F6-C4BA-4671-A763-5DE78985CD97}.Debug|Any CPU.Build.0 = Debug|Any CPU
		{335583F6-C4BA-4671-A763-5DE78985CD97}.Release|Any CPU.ActiveCfg = Release|Any CPU
		{335583F6-C4BA-4671-A763-5DE78985CD97}.Release|Any CPU.Build.0 = Release|Any CPU
		{335583F6-C4BA-4671-A763-5DE78985CD97}.net_4_5_Debug|Any CPU.ActiveCfg = Debug|Any CPU
		{335583F6-C4BA-4671-A763-5DE78985CD97}.net_4_5_Debug|Any CPU.Build.0 = Debug|Any CPU
		{335583F6-C4BA-4671-A763-5DE78985CD97}.net_4_5_Release|Any CPU.ActiveCfg = Debug|Any CPU
		{335583F6-C4BA-4671-A763-5DE78985CD97}.net_4_5_Release|Any CPU.Build.0 = Debug|Any CPU
	EndGlobalSection
	GlobalSection(MonoDevelopProperties) = preSolution
		Policies = $0
		$0.TextStylePolicy = $1
		$1.scope = text/x-csharp
		$0.CSharpFormattingPolicy = $2
		$2.scope = text/x-csharp
		$2.IndentSwitchSection = False
		$2.NewLinesForBracesInProperties = False
		$2.NewLinesForBracesInAccessors = False
		$2.NewLinesForBracesInAnonymousMethods = False
		$2.NewLinesForBracesInControlBlocks = False
		$2.NewLinesForBracesInAnonymousTypes = False
		$2.NewLinesForBracesInObjectCollectionArrayInitializers = False
		$2.NewLinesForBracesInLambdaExpressionBody = False
		$2.NewLineForElse = False
		$2.NewLineForCatch = False
		$2.NewLineForFinally = False
		$2.NewLineForMembersInObjectInit = False
		$2.NewLineForMembersInAnonymousTypes = False
		$2.NewLineForClausesInQuery = False
		$2.SpacingAfterMethodDeclarationName = True
		$2.SpaceAfterMethodCallName = True
		$2.SpaceBeforeOpenSquareBracket = True
	EndGlobalSection
EndGlobal
